
Microsoft Visual Studio Solution File, Format Version 12.00
# Visual Studio 14
VisualStudioVersion = 14.0.24720.0
MinimumVisualStudioVersion = 10.0.40219.1
Project("{FAE04EC0-301F-11D3-BF4B-00C04F79EFBC}") = "UA.Common", "UA.Common\UA.Common.csproj", "{37AFB65F-D781-4AF3-B90E-1F26A7D2BA7A}"
EndProject
Project("{FAE04EC0-301F-11D3-BF4B-00C04F79EFBC}") = "UA.Common.UnitTests", "UA.Common.UnitTests\UA.Common.UnitTests.csproj", "{10B46F61-3E76-4E0F-B23A-F16B0BC0D5BB}"
EndProject
Project("{FAE04EC0-301F-11D3-BF4B-00C04F79EFBC}") = "UA.IServerConfiguration", "UA.IServerConfiguration\UA.IServerConfiguration.csproj", "{DBEE3454-0A73-479A-9C8B-92497FC3D59D}"
EndProject
Global
	GlobalSection(SolutionConfigurationPlatforms) = preSolution
		Debug|Any CPU = Debug|Any CPU
		Release|Any CPU = Release|Any CPU
	EndGlobalSection
	GlobalSection(ProjectConfigurationPlatforms) = postSolution
		{37AFB65F-D781-4AF3-B90E-1F26A7D2BA7A}.Debug|Any CPU.ActiveCfg = Debug|Any CPU
		{37AFB65F-D781-4AF3-B90E-1F26A7D2BA7A}.Debug|Any CPU.Build.0 = Debug|Any CPU
		{37AFB65F-D781-4AF3-B90E-1F26A7D2BA7A}.Release|Any CPU.ActiveCfg = Release|Any CPU
		{37AFB65F-D781-4AF3-B90E-1F26A7D2BA7A}.Release|Any CPU.Build.0 = Release|Any CPU
		{10B46F61-3E76-4E0F-B23A-F16B0BC0D5BB}.Debug|Any CPU.ActiveCfg = Debug|Any CPU
		{10B46F61-3E76-4E0F-B23A-F16B0BC0D5BB}.Debug|Any CPU.Build.0 = Debug|Any CPU
		{10B46F61-3E76-4E0F-B23A-F16B0BC0D5BB}.Release|Any CPU.ActiveCfg = Release|Any CPU
		{10B46F61-3E76-4E0F-B23A-F16B0BC0D5BB}.Release|Any CPU.Build.0 = Release|Any CPU
		{DBEE3454-0A73-479A-9C8B-92497FC3D59D}.Debug|Any CPU.ActiveCfg = Debug|Any CPU
		{DBEE3454-0A73-479A-9C8B-92497FC3D59D}.Debug|Any CPU.Build.0 = Debug|Any CPU
		{DBEE3454-0A73-479A-9C8B-92497FC3D59D}.Release|Any CPU.ActiveCfg = Release|Any CPU
		{DBEE3454-0A73-479A-9C8B-92497FC3D59D}.Release|Any CPU.Build.0 = Release|Any CPU
	EndGlobalSection
	GlobalSection(SolutionProperties) = preSolution
		HideSolutionNode = FALSE
	EndGlobalSection
EndGlobal
